
Microsoft Visual Studio Solution File, Format Version 12.00
# Visual Studio 15
VisualStudioVersion = 15.0.28307.329
MinimumVisualStudioVersion = 10.0.40219.1
Project("{FAE04EC0-301F-11D3-BF4B-00C04F79EFBC}") = "TaskSynchronizer", "TaskSynchronizer\TaskSynchronizer.csproj", "{82FFC97D-4659-4609-9C91-572B6FC9DDF0}"
EndProject
Project("{FAE04EC0-301F-11D3-BF4B-00C04F79EFBC}") = "TaskSynchronizer.Tests", "TaskSynchronizer.Tests\TaskSynchronizer.Tests.csproj", "{C2E00F45-4368-411B-B3D6-282A5DF4C263}"
EndProject
Global
	GlobalSection(SolutionConfigurationPlatforms) = preSolution
		Debug|Any CPU = Debug|Any CPU
		Release|Any CPU = Release|Any CPU
	EndGlobalSection
	GlobalSection(ProjectConfigurationPlatforms) = postSolution
		{82FFC97D-4659-4609-9C91-572B6FC9DDF0}.Debug|Any CPU.ActiveCfg = Debug|Any CPU
		{82FFC97D-4659-4609-9C91-572B6FC9DDF0}.Debug|Any CPU.Build.0 = Debug|Any CPU
		{82FFC97D-4659-4609-9C91-572B6FC9DDF0}.Release|Any CPU.ActiveCfg = Release|Any CPU
		{82FFC97D-4659-4609-9C91-572B6FC9DDF0}.Release|Any CPU.Build.0 = Release|Any CPU
		{C2E00F45-4368-411B-B3D6-282A5DF4C263}.Debug|Any CPU.ActiveCfg = Debug|Any CPU
		{C2E00F45-4368-411B-B3D6-282A5DF4C263}.Debug|Any CPU.Build.0 = Debug|Any CPU
		{C2E00F45-4368-411B-B3D6-282A5DF4C263}.Release|Any CPU.ActiveCfg = Release|Any CPU
		{C2E00F45-4368-411B-B3D6-282A5DF4C263}.Release|Any CPU.Build.0 = Release|Any CPU
	EndGlobalSection
	GlobalSection(SolutionProperties) = preSolution
		HideSolutionNode = FALSE
	EndGlobalSection
	GlobalSection(ExtensibilityGlobals) = postSolution
		SolutionGuid = {1DB743D1-42C8-42A5-B684-769CE9950D5B}
	EndGlobalSection
EndGlobal
